version = 1
requires-python = ">=3.7"

[[package]]
name = "grpcio"
version = "1.50.0"
source = { registry = "https://pypi.org/simple" }
dependencies = [
    { name = "six" },
]
sdist = { url = "https://files.pythonhosted.org/packages/71/87/118ed062bba99c54162f9b3a15cc58f018e157fe2f274edd7bc1a8a5bfe2/grpcio-1.50.0.tar.gz", hash = "sha256:12b479839a5e753580b5e6053571de14006157f2ef9b71f38c56dc9b23b95ad6", size = 22066727 }
wheels = [
    { url = "https://files.pythonhosted.org/packages/f7/be/dd3b323d9b58b919adec3e3099110fc7e04f60e07eb5a35ea38994984de8/grpcio-1.50.0-cp310-cp310-linux_armv7l.whl", hash = "sha256:906f4d1beb83b3496be91684c47a5d870ee628715227d5d7c54b04a8de802974", size = 75096149 },
    { url = "https://files.pythonhosted.org/packages/ed/15/51f907dfae5aea734d5047921d6da8cb3f5813828fd9b9de77a8ec8b4f31/grpcio-1.50.0-cp310-cp310-macosx_12_0_x86_64.whl", hash = "sha256:2d9fd6e38b16c4d286a01e1776fdf6c7a4123d99ae8d6b3f0b4a03a34bf6ce45", size = 4445424 },
    { url = "https://files.pythonhosted.org/packages/f4/64/fe8b2fa82d884dc1e0e60a67e6215779a6421637bcbb12ac4bfac2b58630/grpcio-1.50.0-cp310-cp310-manylinux_2_17_aarch64.whl", hash = "sha256:4b123fbb7a777a2fedec684ca0b723d85e1d2379b6032a9a9b7851829ed3ca9a", size = 67031916 },
    { url = "https://files.pythonhosted.org/packages/48/42/661f52741c6ff2c6f68f84de66b2df2b887f886263fd75076c0614c42b2d/grpcio-1.50.0-cp310-cp310-manylinux_2_17_i686.manylinux2014_i686.whl", hash = "sha256:b2f77a90ba7b85bfb31329f8eab9d9540da2cf8a302128fb1241d7ea239a5469", size = 4876052 },
    { url = "https://files.pythonhosted.org/packages/00/14/b203992d58afc0560534607ba33928cbd0a3a74c3ef9438a17a998194269/grpcio-1.50.0-cp310-cp310-manylinux_2_17_x86_64.manylinux2014_x86_64.whl", hash = "sha256:9eea18a878cffc804506d39c6682d71f6b42ec1c151d21865a95fae743fda500", size = 4666371 },
    { url = "https://files.pythonhosted.org/packages/88/74/319cd774c05059adde832f5dbde77a6c25b739aadadab616f8381905dcaa/grpcio-1.50.0-cp310-cp310-musllinux_1_1_i686.whl", hash = "sha256:2b71916fa8f9eb2abd93151fafe12e18cebb302686b924bd4ec39266211da525", size = 5113676 },
    { url = "https://files.pythonhosted.org/packages/c5/07/c1197ccc06240c64c05023b4188c2e88a6ffd8e7124d10ee830f1a0fd6c1/grpcio-1.50.0-cp310-cp310-musllinux_1_1_x86_64.whl", hash = "sha256:95ce51f7a09491fb3da8cf3935005bff19983b77c4e9437ef77235d787b06842", size = 4894934 },
    { url = "https://files.pythonhosted.org/packages/76/1b/8975f69f6b4f7b4d995ed1ac43eb00396f25a9c9161c437f7b25bc05dff1/grpcio-1.50.0-cp310-cp310-win32.whl", hash = "sha256:f7025930039a011ed7d7e7ef95a1cb5f516e23c5a6ecc7947259b67bea8e06ca", size = 3071637 },
    { url = "https://files.pythonhosted.org/packages/57/e5/779ea2267f4689323dba4a1f451c9f053e2424aa3215cc2845be117d2e47/grpcio-1.50.0-cp310-cp310-win_amd64.whl", hash = "sha256:05f7c248e440f538aaad13eee78ef35f0541e73498dd6f832fe284542ac4b298", size = 3640564 },
    { url = "https://files.pythonhosted.org/packages/e9/47/c45a5d236183290418531ff5f051d69b9f08010c7fba6d9ff85ca20e6f2d/grpcio-1.50.0-cp311-cp311-linux_armv7l.whl", hash = "sha256:ca8a2254ab88482936ce941485c1c20cdeaef0efa71a61dbad171ab6758ec998", size = 75286156 },
    { url = "https://files.pythonhosted.org/packages/e6/5a/8081a2c3db63372638f8fd90504c47cfad8782301d5596bf7f072a64a68f/grpcio-1.50.0-cp311-cp311-macosx_10_10_x86_64.whl", hash = "sha256:3b611b3de3dfd2c47549ca01abfa9bbb95937eb0ea546ea1d762a335739887be", size = 7909309 },
    { url = "https://files.pythonhosted.org/packages/c9/58/8fd0ea2d4716da43bab5cfb47082c4a52893e33ced5b5e05c7830c8d72be/grpcio-1.50.0-cp311-cp311-manylinux_2_17_i686.manylinux2014_i686.whl", hash = "sha256:1a4cd8cb09d1bc70b3ea37802be484c5ae5a576108bad14728f2516279165dd7", size = 4881445 },
    { url = "https://files.pythonhosted.org/packages/2a/91/49f4a4b36425a81339b90d142b6d319875a31239d765a08f0b32e1c89480/grpcio-1.50.0-cp311-cp311-manylinux_2_17_x86_64.manylinux2014_x86_64.whl", hash = "sha256:156f8009e36780fab48c979c5605eda646065d4695deea4cfcbcfdd06627ddb6", size = 4663875 },
    { url = "https://files.pythonhosted.org/packages/a8/c8/a03979d91a3efa610787fba3d854a51f88648170a19a90cee1b3667a7c48/grpcio-1.50.0-cp311-cp311-musllinux_1_1_i686.whl", hash = "sha256:de411d2b030134b642c092e986d21aefb9d26a28bf5a18c47dd08ded411a3bc5", size = 5116058 },
    { url = "https://files.pythonhosted.org/packages/c9/c0/d003228e58a5e9111691a9dee65aca46f1b12fa3d84c3627a09bdbae0d37/grpcio-1.50.0-cp311-cp311-musllinux_1_1_x86_64.whl", hash = "sha256:d144ad10eeca4c1d1ce930faa105899f86f5d99cecfe0d7224f3c4c76265c15e", size = 4894696 },
    { url = "https://files.pythonhosted.org/packages/7f/00/ff85ad0ddf4a46d93117be0e334cc588a18f37d2510c8b58d905f14c8d89/grpcio-1.50.0-cp311-cp311-win32.whl", hash = "sha256:92d7635d1059d40d2ec29c8bf5ec58900120b3ce5150ef7414119430a4b2dd5c", size = 3068780 },
    { url = "https://files.pythonhosted.org/packages/d3/75/95bb93bf6a96515ff14ffdbc73096d27ccb502da2d1336171cde8989615f/grpcio-1.50.0-cp311-cp311-win_amd64.whl", hash = "sha256:ce8513aee0af9c159319692bfbf488b718d1793d764798c3d5cff827a09e25ef", size = 3637509 },
    { url = "https://files.pythonhosted.org/packages/ea/56/ff660307c70328be4e00f32293ae487a836d65b2ea2c441e6d0dd55d60cf/grpcio-1.50.0-cp37-cp37m-linux_armv7l.whl", hash = "sha256:8e8999a097ad89b30d584c034929f7c0be280cd7851ac23e9067111167dcbf55", size = 74897838 },
    { url = "https://files.pythonhosted.org/packages/ea/36/23053a847504ba38fb46b0c7335982e7a21a4912d383dc5e6ca736cd0b59/grpcio-1.50.0-cp37-cp37m-macosx_10_10_x86_64.whl", hash = "sha256:a50a1be449b9e238b9bd43d3857d40edf65df9416dea988929891d92a9f8a778", size = 4477484 },
    { url = "https://files.pythonhosted.org/packages/60/20/de48ac8ea7bfae10b1b38a7764d997a116a1bf9d32fb7e912768c473738d/grpcio-1.50.0-cp37-cp37m-manylinux_2_17_aarch64.whl", hash = "sha256:cf151f97f5f381163912e8952eb5b3afe89dec9ed723d1561d59cabf1e219a35", size = 66784891 },
    { url = "https://files.pythonhosted.org/packages/eb/45/5c9f95ff7c1de018f7be47f73710d828414bd5b05edb60d16f9ad086be7b/grpcio-1.50.0-cp37-cp37m-manylinux_2_17_i686.manylinux2014_i686.whl", hash = "sha256:a23d47f2fc7111869f0ff547f771733661ff2818562b04b9ed674fa208e261f4", size = 4879502 },
    { url = "https://files.pythonhosted.org/packages/59/7a/90ec6306b78a6844cd1c0fdd11dc2b03b0b4607f3e034ba0660651bbd244/grpcio-1.50.0-cp37-cp37m-manylinux_2_17_x86_64.manylinux2014_x86_64.whl", hash = "sha256:d84d04dec64cc4ed726d07c5d17b73c343c8ddcd6b59c7199c801d6bbb9d9ed1", size = 4666299 },
    { url = "https://files.pythonhosted.org/packages/e7/6a/9ff72beaf5277d6b1954ebea55c7688f428960683e792d8c19f2b8dbc600/grpcio-1.50.0-cp37-cp37m-musllinux_1_1_i686.whl", hash = "sha256:67dd41a31f6fc5c7db097a5c14a3fa588af54736ffc174af4411d34c4f306f68", size = 5113415 },
    { url = "https://files.pythonhosted.org/packages/f3/24/7724592f63196f18d31c1ecc643fe42740c33c8ffb7df5886b19f6a6188f/grpcio-1.50.0-cp37-cp37m-musllinux_1_1_x86_64.whl", hash = "sha256:8d4c8e73bf20fb53fe5a7318e768b9734cf122fe671fcce75654b98ba12dfb75", size = 4898461 },
    { url = "https://files.pythonhosted.org/packages/75/3a/2db2aca4a283cc55b2d73ba125efebd2b2ff8e1b1426bf10c913cb609555/grpcio-1.50.0-cp37-cp37m-win32.whl", hash = "sha256:7489dbb901f4fdf7aec8d3753eadd40839c9085967737606d2c35b43074eea24", size = 3064775 },
    { url = "https://files.pythonhosted.org/packages/d7/63/2e9f261e8f3e0154fc679e88b048427dcee67a9837af84f1fab344e8c5ef/grpcio-1.50.0-cp37-cp37m-win_amd64.whl", hash = "sha256:531f8b46f3d3db91d9ef285191825d108090856b3bc86a75b7c3930f16ce432f", size = 3629425 },
    { url = "https://files.pythonhosted.org/packages/5d/02/d8fa8f9c6da56b7a9d6eefabb50580e7a0dea79cb09602bdc283a36d0a91/grpcio-1.50.0-cp38-cp38-linux_armv7l.whl", hash = "sha256:d534d169673dd5e6e12fb57cc67664c2641361e1a0885545495e65a7b761b0f4", size = 75268325 },
    { url = "https://files.pythonhosted.org/packages/90/06/0371cf4e4e11c0a11f217ade9bd8a625e83a4f8d5d675901aede0efd7c76/grpcio-1.50.0-cp38-cp38-macosx_10_10_x86_64.whl", hash = "sha256:1d8d02dbb616c0a9260ce587eb751c9c7dc689bc39efa6a88cc4fa3e9c138a7b", size = 4495920 },
    { url = "https://files.pythonhosted.org/packages/d8/a5/eda831f02519b85d0b7b874a0844b49d9277461c338ee81b33bb694a5e06/grpcio-1.50.0-cp38-cp38-manylinux_2_17_aarch64.whl", hash = "sha256:baab51dcc4f2aecabf4ed1e2f57bceab240987c8b03533f1cef90890e6502067", size = 67258142 },
    { url = "https://files.pythonhosted.org/packages/6c/cc/7c1ee296f0a23780951facae63db668e1a8d5563f11709b22a3bddd14499/grpcio-1.50.0-cp38-cp38-manylinux_2_17_i686.manylinux2014_i686.whl", hash = "sha256:40838061e24f960b853d7bce85086c8e1b81c6342b1f4c47ff0edd44bbae2722", size = 4889460 },
    { url = "https://files.pythonhosted.org/packages/15/f8/d7c51107c55dda09d3a90a7750bfa4e670df076a9baec780d1da0db54373/grpcio-1.50.0-cp38-cp38-manylinux_2_17_x86_64.manylinux2014_x86_64.whl", hash = "sha256:931e746d0f75b2a5cff0a1197d21827a3a2f400c06bace036762110f19d3d507", size = 4680890 },
    { url = "https://files.pythonhosted.org/packages/0e/52/fbc5acfb51e0d3a68cf6af35c5c286bb7caaea42e7a452f07d6c09d2569c/grpcio-1.50.0-cp38-cp38-musllinux_1_1_i686.whl", hash = "sha256:15f9e6d7f564e8f0776770e6ef32dac172c6f9960c478616c366862933fa08b4", size = 5127116 },
    { url = "https://files.pythonhosted.org/packages/a3/75/197b9fda09ae9f79f27f8da62619d6985f384b6a69ff764c928afe9e7ea0/grpcio-1.50.0-cp38-cp38-musllinux_1_1_x86_64.whl", hash = "sha256:a4c23e54f58e016761b576976da6a34d876420b993f45f66a2bfb00363ecc1f9", size = 4914853 },
    { url = "https://files.pythonhosted.org/packages/c6/1d/fa51b496d7080ce6d0326c5e9dd5bc3756065274423630b578e5754b622f/grpcio-1.50.0-cp38-cp38-win32.whl", hash = "sha256:3e4244c09cc1b65c286d709658c061f12c61c814be0b7030a2d9966ff02611e0", size = 3092383 },
    { url = "https://files.pythonhosted.org/packages/7f/3f/e84a3a8f81a1c19821ef618573ba13bc78a5a6da11bc2601159998baa9c5/grpcio-1.50.0-cp38-cp38-win_amd64.whl", hash = "sha256:8e69aa4e9b7f065f01d3fdcecbe0397895a772d99954bb82eefbb1682d274518", size = 3661394 },
    { url = "https://files.pythonhosted.org/packages/27/74/4b16ccd80af9b2a3c4ca71b0a53a053b25e581f01fea12e0670f7e29256b/grpcio-1.50.0-cp39-cp39-linux_armv7l.whl", hash = "sha256:af98d49e56605a2912cf330b4627e5286243242706c3a9fa0bcec6e6f68646fc", size = 75174807 },
    { url = "https://files.pythonhosted.org/packages/a4/fb/cc95ea1d225754922505671d4ba2a48d9ea44c353b6401f998cb019312ef/grpcio-1.50.0-cp39-cp39-macosx_10_10_x86_64.whl", hash = "sha256:080b66253f29e1646ac53ef288c12944b131a2829488ac3bac8f52abb4413c0d", size = 4499173 },
    { url = "https://files.pythonhosted.org/packages/76/c4/4d933de409b5ad21dce7e81e7c6a1cfdbe822a8b70b279da5f0c2b7abc52/grpcio-1.50.0-cp39-cp39-manylinux_2_17_aarch64.whl", hash = "sha256:ab5d0e3590f0a16cb88de4a3fa78d10eb66a84ca80901eb2c17c1d2c308c230f", size = 67039212 },
    { url = "https://files.pythonhosted.org/packages/17/ac/f8c2335c62576bc943ecdd9fffe22080d4b3eda0855472cc6000dd555365/grpcio-1.50.0-cp39-cp39-manylinux_2_17_i686.manylinux2014_i686.whl", hash = "sha256:cb11464f480e6103c59d558a3875bd84eed6723f0921290325ebe97262ae1347", size = 4893575 },
    { url = "https://files.pythonhosted.org/packages/e5/6b/aec10ed2c9b35de1af6bb57431da338557feb02e8a3f0c398d9fd682da00/grpcio-1.50.0-cp39-cp39-manylinux_2_17_x86_64.manylinux2014_x86_64.whl", hash = "sha256:e07fe0d7ae395897981d16be61f0db9791f482f03fee7d1851fe20ddb4f69c03", size = 4684362 },
    { url = "https://files.pythonhosted.org/packages/12/c3/1dc1ad1245c1b2158ea6e965610f728f4550015321716aaacbfc00204049/grpcio-1.50.0-cp39-cp39-musllinux_1_1_i686.whl", hash = "sha256:d75061367a69808ab2e84c960e9dce54749bcc1e44ad3f85deee3a6c75b4ede9", size = 5133447 },
    { url = "https://files.pythonhosted.org/packages/12/02/a255c40201ae38b52c0cf99717674d62eb09ba16dda6b1c679754fe2ef7b/grpcio-1.50.0-cp39-cp39-musllinux_1_1_x86_64.whl", hash = "sha256:ae23daa7eda93c1c49a9ecc316e027ceb99adbad750fbd3a56fa9e4a2ffd5ae0", size = 4917772 },
    { url = "https://files.pythonhosted.org/packages/6d/5f/94780e6941db1ab3f8d64a5fbcf138b946572cfeda606a02cf14e98faf6f/grpcio-1.50.0-cp39-cp39-win32.whl", hash = "sha256:177afaa7dba3ab5bfc211a71b90da1b887d441df33732e94e26860b3321434d9", size = 3087568 },
    { url = "https://files.pythonhosted.org/packages/e1/20/38ea842e338fb62384629d65d17f494c0f348bc3c16e81df607b31eb70ff/grpcio-1.50.0-cp39-cp39-win_amd64.whl", hash = "sha256:ea8ccf95e4c7e20419b7827aa5b6da6f02720270686ac63bd3493a651830235c", size = 3656263 },
]

[[package]]
name = "grpcio-tools"
version = "1.49.1"
source = { registry = "https://pypi.org/simple" }
dependencies = [
    { name = "grpcio" },
    { name = "protobuf" },
    { name = "setuptools" },
]
sdist = { url = "https://files.pythonhosted.org/packages/6c/e4/3416d25aebc4477141a491fae2c9494c5e0437a706c59103a936aac7d072/grpcio-tools-1.49.1.tar.gz", hash = "sha256:84cc64e5b46bad43d5d7bd2fd772b656eba0366961187a847e908e2cb735db91", size = 2252679 }
wheels = [
    { url = "https://files.pythonhosted.org/packages/53/4c/0cb079a1c585fbb9afe2c2ce7788ad78ed1119859ec220dac4f3d82da369/grpcio_tools-1.49.1-cp310-cp310-linux_armv7l.whl", hash = "sha256:2dfb6c7ece84d46bd690b23d3e060d18115c8bc5047d2e8a33e6747ed323a348", size = 36904602 },
    { url = "https://files.pythonhosted.org/packages/c0/b7/0754c66ce85001ecabd95c2a5e0d1b5c71a530c6b94c5287646fe6f2f23f/grpcio_tools-1.49.1-cp310-cp310-macosx_10_10_x86_64.whl", hash = "sha256:8f452a107c054a04db2570f7851a07f060313c6e841b0d394ce6030d598290e6", size = 2025047 },
    { url = "https://files.pythonhosted.org/packages/1d/2c/4a161f46be718399daca81f1e1ed087331bc4b691b30e0cba0971a265aba/grpcio_tools-1.49.1-cp310-cp310-manylinux_2_17_aarch64.whl", hash = "sha256:6a198871b582287213c4d70792bf275e1d7cf34eed1d019f534ddf4cd15ab039", size = 31607130 },
    { url = "https://files.pythonhosted.org/packages/e1/bc/6c102168a41da0d5dda237671446245d219c66c18a43940f29f380362d69/grpcio_tools-1.49.1-cp310-cp310-manylinux_2_17_i686.manylinux2014_i686.whl", hash = "sha256:a0cca67a7d0287bdc855d81fdd38dc949c4273273a74f832f9e520abe4f20bc6", size = 2512781 },
    { url = "https://files.pythonhosted.org/packages/25/2b/8d2ec2f61793b33d2c1ccb7d44c34651edb6022e428ef53c7a1df9b945c6/grpcio_tools-1.49.1-cp310-cp310-manylinux_2_17_x86_64.manylinux2014_x86_64.whl", hash = "sha256:bdaff4c89eecb37c247b93025410db68114d97fa093cbb028e9bd7cda5912473", size = 2371102 },
    { url = "https://files.pythonhosted.org/packages/fb/b6/c762dd2765a5bd82dba25dced7c53590e5a1a1a4e7b931738add4f51f8f4/grpcio_tools-1.49.1-cp310-cp310-musllinux_1_1_i686.whl", hash = "sha256:bb8773118ad315db317d7b22b5ff75d649ca20931733281209e7cbd8c0fad53e", size = 2959764 },
    { url = "https://files.pythonhosted.org/packages/f2/01/0cc4c3fdf55930c4979752f7f3a622bc82d389367f43b81fcbf8ba6f3943/grpcio_tools-1.49.1-cp310-cp310-musllinux_1_1_x86_64.whl", hash = "sha256:7cc5534023735b8a8f56760b7c533918f874ce5a9064d7c5456d2709ae2b31f9", size = 2731452 },
    { url = "https://files.pythonhosted.org/packages/76/8d/6fcf79927137642bc64847e743004ece3ef1b0adff9ca0b19c275f7d4610/grpcio_tools-1.49.1-cp310-cp310-win32.whl", hash = "sha256:d277642acbe305f5586f9597b78fb9970d6633eb9f89c61e429c92c296c37129", size = 1552794 },
    { url = "https://files.pythonhosted.org/packages/5b/56/5aedc24428021a11983157f62ae0541e7d464c4ef6a812e139e39535634f/grpcio_tools-1.49.1-cp310-cp310-win_amd64.whl", hash = "sha256:eed599cf08fc1a06c72492d3c5750c32f58de3750eddd984af1f257c14326701", size = 1843348 },
    { url = "https://files.pythonhosted.org/packages/e4/c1/ba298fe650b67c9e31a7ad88b2fe1d8d22ff2c6a9e131604054835397dfc/grpcio_tools-1.49.1-cp311-cp311-linux_armv7l.whl", hash = "sha256:9e5c13809ab2f245398e8446c4c3b399a62d591db651e46806cccf52a700452e", size = 36912892 },
    { url = "https://files.pythonhosted.org/packages/9c/8b/a45a39bf7d1c4956d48179831e4da88c3f6ee14dbdcb273e575bbeb7de20/grpcio_tools-1.49.1-cp311-cp311-macosx_10_10_x86_64.whl", hash = "sha256:ab3d0ee9623720ee585fdf3753b3755d3144a4a8ae35bca8e3655fa2f41056be", size = 2025040 },
    { url = "https://files.pythonhosted.org/packages/38/53/63174ffb57e95f32432035ae4d706963e6b5232faa1ef3563fe62aed7fe2/grpcio_tools-1.49.1-cp311-cp311-manylinux_2_17_i686.manylinux2014_i686.whl", hash = "sha256:6ba87e3512bc91d78bf9febcfb522eadda171d2d4ddaf886066b0f01aa4929ad", size = 2513622 },
    { url = "https://files.pythonhosted.org/packages/6d/7f/89dc6036b91f8cbada98b06801ac2f5db60885000feaf88f9d7cabe665b7/grpcio_tools-1.49.1-cp311-cp311-manylinux_2_17_x86_64.manylinux2014_x86_64.whl", hash = "sha256:13e13b3643e7577a3ec13b79689eb4d7548890b1e104c04b9ed6557a3c3dd452", size = 2370982 },
    { url = "https://files.pythonhosted.org/packages/f4/65/5d95b318063b6ff023fdd6d233e91f177afac3018fffffa35ec08bcc4178/grpcio_tools-1.49.1-cp311-cp311-musllinux_1_1_i686.whl", hash = "sha256:324f67d9cb4b7058b6ce45352fb64c20cc1fa04c34d97ad44772cfe6a4ae0cf5", size = 2960418 },
    { url = "https://files.pythonhosted.org/packages/01/98/4730bfff6bcd3163db8c3d70689e19a1a5f419152316edfc1f13ff06a5d7/grpcio_tools-1.49.1-cp311-cp311-musllinux_1_1_x86_64.whl", hash = "sha256:a64bab81b220c50033f584f57978ebbea575f09c1ccee765cd5c462177988098", size = 2731915 },
    { url = "https://files.pythonhosted.org/packages/e0/12/337b3f90f0eaa0b5998134c6f97bbacc89639c371f1e07e5fd2e51331316/grpcio_tools-1.49.1-cp311-cp311-win32.whl", hash = "sha256:f632d376f92f23e5931697a3acf1b38df7eb719774213d93c52e02acd2d529ac", size = 1553171 },
    { url = "https://files.pythonhosted.org/packages/1a/14/9f61820a13429c3719741f0810ed4a055c363f84d528c8f957a72605ce86/grpcio_tools-1.49.1-cp311-cp311-win_amd64.whl", hash = "sha256:28ff2b978d9509474928b9c096a0cce4eaa9c8f7046136aee1545f6211ed8126", size = 1844039 },
    { url = "https://files.pythonhosted.org/packages/c1/41/4747c302181768db384f5b62c0dd479a61296acd7750572a7335e1217f7e/grpcio_tools-1.49.1-cp37-cp37m-linux_armv7l.whl", hash = "sha256:46afd3cb7e555187451a5d283f108cdef397952a662cb48680afc615b158864a", size = 36876740 },
    { url = "https://files.pythonhosted.org/packages/04/68/3e44a98cd145bd0dd9c6e53839aa12c4c1bb356c1218fb8c2d8ceba65bfa/grpcio_tools-1.49.1-cp37-cp37m-macosx_10_10_x86_64.whl", hash = "sha256:9284568b728e41fa8f7e9c2e7399545d605f75d8072ef0e9aa2a05655cb679eb", size = 2023444 },
    { url = "https://files.pythonhosted.org/packages/c3/b7/e1e404cf30fadfca2d573ec78bc8fa77a8c556d2d9b4c4f53f7bffdf9226/grpcio_tools-1.49.1-cp37-cp37m-manylinux_2_17_aarch64.whl", hash = "sha256:aa34442cf787732cb41f2aa6172007e24f480b8b9d3dc5166de80d63e9072ea4", size = 31543583 },
    { url = "https://files.pythonhosted.org/packages/8f/e5/d0359b41f28e1e6ccdbd8b833ee1d2a4bf095d755c3478d43a3a519bc507/grpcio_tools-1.49.1-cp37-cp37m-manylinux_2_17_i686.manylinux2014_i686.whl", hash = "sha256:3b8c9eb5a4250905414cd53a68caea3eb8f0c515aadb689e6e81b71ebe9ab5c6", size = 2514735 },
    { url = "https://files.pythonhosted.org/packages/22/8a/f984ab1fd5cf0e40d36cf020c80cbdb8b555f8d70c0a8121b495340f4d72/grpcio_tools-1.49.1-cp37-cp37m-manylinux_2_17_x86_64.manylinux2014_x86_64.whl", hash = "sha256:ab15db024051bf21feb21c29cb2c3ea0a2e4f5cf341d46ef76e17fcf6aaef164", size = 2372465 },
    { url = "https://files.pythonhosted.org/packages/a4/c4/affaab8e69a95699cc13b1ce6a9b8f350df49bd89cc87ffd827ef18135b6/grpcio_tools-1.49.1-cp37-cp37m-musllinux_1_1_i686.whl", hash = "sha256:502084b622f758bef620a9107c2db9fcdf66d26c7e0e481d6bb87db4dc917d70", size = 2962202 },
    { url = "https://files.pythonhosted.org/packages/ca/b2/dbc2b2b9cac5c3fbc451965c694037c557d8ec6d7c1b875d156d1af08088/grpcio_tools-1.49.1-cp37-cp37m-musllinux_1_1_x86_64.whl", hash = "sha256:4085890b77c640085f82bf1e90a0ea166ce48000bc2f5180914b974783c9c0a8", size = 2732471 },
    { url = "https://files.pythonhosted.org/packages/16/83/1b1a942080d3ccf1b340353c37f122be59e03faa7e27b71d2e507955e681/grpcio_tools-1.49.1-cp37-cp37m-win32.whl", hash = "sha256:da0edb984699769ce02e18e3392d54b59a7a3f93acd285a68043f5bde4fc028e", size = 1552750 },
    { url = "https://files.pythonhosted.org/packages/98/3e/352a1575eea10810e3efdb169ae0e68e93df020af6c0e70cef93806d8684/grpcio_tools-1.49.1-cp37-cp37m-win_amd64.whl", hash = "sha256:9887cd622770271101a7dd1832845d64744c3f88fd11ccb2620394079197a42e", size = 1843397 },
    { url = "https://files.pythonhosted.org/packages/6f/3e/8a713fa651d6b3ff6d7f350d671b0ad0197a4f7f42046a0af48a8cd2e6fa/grpcio_tools-1.49.1-cp38-cp38-linux_armv7l.whl", hash = "sha256:8440fe7dae6a40c279e3a24b82793735babd38ecbb0d07bb712ff9c8963185d9", size = 36898170 },
    { url = "https://files.pythonhosted.org/packages/37/8e/85e4db954cb3078e3f57d8db4a64873d69a1d1145c863f978a87e79f2e10/grpcio_tools-1.49.1-cp38-cp38-macosx_10_10_x86_64.whl", hash = "sha256:b5de2bb7dd6b6231da9b1556ade981513330b740e767f1d902c71ceee0a7d196", size = 2024426 },
    { url = "https://files.pythonhosted.org/packages/64/03/fcee5b181178875dd9736153b6c4bd90a612906b044ced2edaeb2ce24f33/grpcio_tools-1.49.1-cp38-cp38-manylinux_2_17_aarch64.whl", hash = "sha256:1e6f06a763aea7836b63d9c117347f2bf7038008ceef72758815c9e09c5fb1fc", size = 31564129 },
    { url = "https://files.pythonhosted.org/packages/8d/b1/8a70289cd5afdf47d6281286ebb6f656de4e6a4c1e290722d3b86c1e3e91/grpcio_tools-1.49.1-cp38-cp38-manylinux_2_17_i686.manylinux2014_i686.whl", hash = "sha256:e31562f90120318c5395aabec0f2f69ad8c14b6676996b7730d9d2eaf9415d57", size = 2516526 },
    { url = "https://files.pythonhosted.org/packages/ca/19/bf2a9db8275b36395fa42db6dd1574575f2b356003320b6247231b2dcceb/grpcio_tools-1.49.1-cp38-cp38-manylinux_2_17_x86_64.manylinux2014_x86_64.whl", hash = "sha256:49ef9a4e389a618157a9daa9fafdfeeaef1ece9adda7f50f85db928f24d4b3e8", size = 2373486 },
    { url = "https://files.pythonhosted.org/packages/6d/87/193ae95bd50c88fc69db3ac19ddb232f750c85154daffd40a00e43174713/grpcio_tools-1.49.1-cp38-cp38-musllinux_1_1_i686.whl", hash = "sha256:b384cb8e8d9bcb55ee8f9b064374561c7a1a05d848249581403d36fc7060032f", size = 2964845 },
    { url = "https://files.pythonhosted.org/packages/21/68/3edffa408a27be11cd32a7d744c5f75b3b754c6ac7a1a8c4ac37cf6cd8a6/grpcio_tools-1.49.1-cp38-cp38-musllinux_1_1_x86_64.whl", hash = "sha256:73732f77943ac3e898879cbb29c27253aa3c47566b8a59780fd24c6a54de1b66", size = 2733289 },
    { url = "https://files.pythonhosted.org/packages/5c/4c/cef12e79d3421111ebd641d4c49aeca3f28446f317334bd23f6e8ec96d63/grpcio_tools-1.49.1-cp38-cp38-win32.whl", hash = "sha256:b594b2745a5ba9e7a76ce561bc5ab40bc65bb44743c505529b1e4f12af29104d", size = 1553303 },
    { url = "https://files.pythonhosted.org/packages/82/30/6a2d80e0c05ae1b0f21d62fdebb361f9b662bffd63e206a0262748267814/grpcio_tools-1.49.1-cp38-cp38-win_amd64.whl", hash = "sha256:680fbc88f8709ddcabb88f86749f2d8e429160890cff2c70680880a6970d4eef", size = 1844483 },
    { url = "https://files.pythonhosted.org/packages/b7/f2/4fc72a5bbfde485dd98bf4f05427dd9db6a7ab51a8eba6c8a5b4b9689fb4/grpcio_tools-1.49.1-cp39-cp39-linux_armv7l.whl", hash = "sha256:e8c3869121860f6767eedb7d24fc54dfd71e737fdfbb26e1334684606f3274fd", size = 36915233 },
    { url = "https://files.pythonhosted.org/packages/cb/8e/ec660d365f36b18dad7abe6a1262c4ed3316dc4117d3d0bc73f1a5fe9363/grpcio_tools-1.49.1-cp39-cp39-macosx_10_10_x86_64.whl", hash = "sha256:73e9d7c886ba10e20c97d1dab0ff961ba5800757ae5e31be21b1cda8130c52f8", size = 2026512 },
    { url = "https://files.pythonhosted.org/packages/97/ae/d06ef7c1b9264e571c6c641fe1fd6573abd7df8fb5abde3f911df7fdc502/grpcio_tools-1.49.1-cp39-cp39-manylinux_2_17_aarch64.whl", hash = "sha256:1760de2dd2c4f08de87b039043a4797f3c17193656e7e3eb84e92f0517083c0c", size = 31603564 },
    { url = "https://files.pythonhosted.org/packages/7d/06/2070140858ba6057ba831c02a444ac47d503ff9dab5b747b2a014102cf82/grpcio_tools-1.49.1-cp39-cp39-manylinux_2_17_i686.manylinux2014_i686.whl", hash = "sha256:cd4b1e216dd04d9245ee8f4e601a1f98c25e6e417ea5cf8d825c50589a8b447e", size = 2515510 },
    { url = "https://files.pythonhosted.org/packages/b6/c1/1f6e722d7fbf21f83268ff76a1cde32254b8722e2caf72fa367547c85eb2/grpcio_tools-1.49.1-cp39-cp39-manylinux_2_17_x86_64.manylinux2014_x86_64.whl", hash = "sha256:c1c28751ab5955cae563d07677e799233f0fe1c0fc49d9cbd61ff1957e83617f", size = 2372726 },
    { url = "https://files.pythonhosted.org/packages/99/f9/90c0717b4218b01e90c527481a9d0a232aacff336ef264da2a8f65c9287e/grpcio_tools-1.49.1-cp39-cp39-musllinux_1_1_i686.whl", hash = "sha256:c24239c3ee9ed16314c14b4e24437b5079ebc344f343f33629a582f8699f583b", size = 2963614 },
    { url = "https://files.pythonhosted.org/packages/20/66/9ac48f45288a59702239d7795009b508d4d15c55f600738a339cab3a751a/grpcio_tools-1.49.1-cp39-cp39-musllinux_1_1_x86_64.whl", hash = "sha256:892d3dacf1942820f0b7a868a30e6fbcdf5bec08543b682c7274b0101cee632d", size = 2732982 },
    { url = "https://files.pythonhosted.org/packages/f0/0c/c8111c06b0b86e09279a922a2be714ec45d4a0d3cd3be2d2f4093e0c365b/grpcio_tools-1.49.1-cp39-cp39-win32.whl", hash = "sha256:704d21509ec06efc9d034dbe70e7152715aac004941f4f0f553cf3a0aff15bd5", size = 1553285 },
    { url = "https://files.pythonhosted.org/packages/46/b6/660c1f6a6902d731edc496f227fce89515d390a869f5ebc19217bac8fdb4/grpcio_tools-1.49.1-cp39-cp39-win_amd64.whl", hash = "sha256:1efa0c221c719433f441ac0e026fc3c4dbc9a1a08a552ecdc707775e2f2fbbae", size = 1844671 },
]

[[package]]
name = "logic2-automation"
version = "1.0.11"
source = { editable = "." }
dependencies = [
    { name = "grpcio" },
    { name = "protobuf" },
    { name = "pywin32", marker = "platform_system == 'Windows'" },
]

[package.dev-dependencies]
dev = [
    { name = "grpcio-tools" },
]

[package.metadata]
requires-dist = [
    { name = "grpcio", specifier = ">=1.49.0" },
    { name = "protobuf", specifier = ">=3.20.0" },
    { name = "pywin32", marker = "platform_system == 'Windows'" },
]

[package.metadata.requires-dev]
dev = [{ name = "grpcio-tools", specifier = ">=1.49.0,<1.50.0" }]

[[package]]
name = "protobuf"
version = "4.24.4"
source = { registry = "https://pypi.org/simple" }
sdist = { url = "https://files.pythonhosted.org/packages/52/5c/f2c0778278259089952f94b0884ca27a001a17ffbd992ebe30c841085f4c/protobuf-4.24.4.tar.gz", hash = "sha256:5a70731910cd9104762161719c3d883c960151eea077134458503723b60e3667", size = 383850 }
wheels = [
    { url = "https://files.pythonhosted.org/packages/00/0f/3dc2f86e9c3d6e73c56d915a3563ecc96ebee8144fb39614f0d6c1fb023d/protobuf-4.24.4-cp310-abi3-win32.whl", hash = "sha256:ec9912d5cb6714a5710e28e592ee1093d68c5ebfeda61983b3f40331da0b1ebb", size = 409968 },
    { url = "https://files.pythonhosted.org/packages/c2/59/f89c04923d68595d359f4cd7adbbdf5e5d791257945f8873d88b2fd1f979/protobuf-4.24.4-cp310-abi3-win_amd64.whl", hash = "sha256:1badab72aa8a3a2b812eacfede5020472e16c6b2212d737cefd685884c191085", size = 430493 },
    { url = "https://files.pythonhosted.org/packages/88/12/efb5896c901382548ecb58d0449885a8f9aa62bb559d65e5a8a47f122629/protobuf-4.24.4-cp37-abi3-macosx_10_9_universal2.whl", hash = "sha256:8e61a27f362369c2f33248a0ff6896c20dcd47b5d48239cb9720134bef6082e4", size = 409417 },
    { url = "https://files.pythonhosted.org/packages/db/61/9c7b481771fe4702fb3be1152812fecec9b06f9c36d523ad52b98cb46800/protobuf-4.24.4-cp37-abi3-manylinux2014_aarch64.whl", hash = "sha256:bffa46ad9612e6779d0e51ae586fde768339b791a50610d85eb162daeb23661e", size = 310587 },
    { url = "https://files.pythonhosted.org/packages/c8/2c/03046cac73f46bfe98fc846ef629cf4f84c2f59258216aa2cc0d22bfca8f/protobuf-4.24.4-cp37-abi3-manylinux2014_x86_64.whl", hash = "sha256:b493cb590960ff863743b9ff1452c413c2ee12b782f48beca77c8da3e2ffe9d9", size = 311559 },
    { url = "https://files.pythonhosted.org/packages/92/fd/b965c32ad16c2b5e074e6aed141a6b4af055cbd2c595ee9391a9a2892482/protobuf-4.24.4-cp37-cp37m-win32.whl", hash = "sha256:dbbed8a56e56cee8d9d522ce844a1379a72a70f453bde6243e3c86c30c2a3d46", size = 409704 },
    { url = "https://files.pythonhosted.org/packages/61/70/ee9585603255156d88f07528a6094733e37f8e3f72711b8583fcbb77d5ec/protobuf-4.24.4-cp37-cp37m-win_amd64.whl", hash = "sha256:6b7d2e1c753715dcfe9d284a25a52d67818dd43c4932574307daf836f0071e37", size = 430025 },
    { url = "https://files.pythonhosted.org/packages/53/3f/93379f6a52bf1cbd4551a08d997a056c9f52e01974e5d0b58ebd149b648a/protobuf-4.24.4-cp38-cp38-win32.whl", hash = "sha256:02212557a76cd99574775a81fefeba8738d0f668d6abd0c6b1d3adcc75503dbe", size = 410034 },
    { url = "https://files.pythonhosted.org/packages/e8/e6/d15c9a0f2b657b3a3122578fcd81d17c7274a63aebc366a73c10dc92a099/protobuf-4.24.4-cp38-cp38-win_amd64.whl", hash = "sha256:2fa3886dfaae6b4c5ed2730d3bf47c7a38a72b3a1f0acb4d4caf68e6874b947b", size = 430477 },
    { url = "https://files.pythonhosted.org/packages/74/61/b515dc5d6c111aea4278b32c6ced2efc6a8240d37092c76415be59546bdd/protobuf-4.24.4-cp39-cp39-win32.whl", hash = "sha256:b77272f3e28bb416e2071186cb39efd4abbf696d682cbb5dc731308ad37fa6dd", size = 410002 },
    { url = "https://files.pythonhosted.org/packages/ba/ae/e286be9bee0dee7c5c923cc87f26bf52f172c322cbcea2e2ca9a42abd1f1/protobuf-4.24.4-cp39-cp39-win_amd64.whl", hash = "sha256:9fee5e8aa20ef1b84123bb9232b3f4a5114d9897ed89b4b8142d81924e05d79b", size = 430470 },
    { url = "https://files.pythonhosted.org/packages/e5/a7/bb962b8b981dd890a44a34d0e922b76c32e5db443ff9f9b9ce6149069070/protobuf-4.24.4-py3-none-any.whl", hash = "sha256:80797ce7424f8c8d2f2547e2d42bfbb6c08230ce5832d6c099a37335c9c90a92", size = 175677 },
]

[[package]]
name = "pywin32"
version = "311"
source = { registry = "https://pypi.org/simple" }
wheels = [
    { url = "https://files.pythonhosted.org/packages/7b/40/44efbb0dfbd33aca6a6483191dae0716070ed99e2ecb0c53683f400a0b4f/pywin32-311-cp310-cp310-win32.whl", hash = "sha256:d03ff496d2a0cd4a5893504789d4a15399133fe82517455e78bad62efbb7f0a3", size = 8760432 },
    { url = "https://files.pythonhosted.org/packages/5e/bf/360243b1e953bd254a82f12653974be395ba880e7ec23e3731d9f73921cc/pywin32-311-cp310-cp310-win_amd64.whl", hash = "sha256:797c2772017851984b97180b0bebe4b620bb86328e8a884bb626156295a63b3b", size = 9590103 },
    { url = "https://files.pythonhosted.org/packages/57/38/d290720e6f138086fb3d5ffe0b6caa019a791dd57866940c82e4eeaf2012/pywin32-311-cp310-cp310-win_arm64.whl", hash = "sha256:0502d1facf1fed4839a9a51ccbcc63d952cf318f78ffc00a7e78528ac27d7a2b", size = 8778557 },
    { url = "https://files.pythonhosted.org/packages/7c/af/449a6a91e5d6db51420875c54f6aff7c97a86a3b13a0b4f1a5c13b988de3/pywin32-311-cp311-cp311-win32.whl", hash = "sha256:184eb5e436dea364dcd3d2316d577d625c0351bf237c4e9a5fabbcfa5a58b151", size = 8697031 },
    { url = "https://files.pythonhosted.org/packages/51/8f/9bb81dd5bb77d22243d33c8397f09377056d5c687aa6d4042bea7fbf8364/pywin32-311-cp311-cp311-win_amd64.whl", hash = "sha256:3ce80b34b22b17ccbd937a6e78e7225d80c52f5ab9940fe0506a1a16f3dab503", size = 9508308 },
    { url = "https://files.pythonhosted.org/packages/44/7b/9c2ab54f74a138c491aba1b1cd0795ba61f144c711daea84a88b63dc0f6c/pywin32-311-cp311-cp311-win_arm64.whl", hash = "sha256:a733f1388e1a842abb67ffa8e7aad0e70ac519e09b0f6a784e65a136ec7cefd2", size = 8703930 },
    { url = "https://files.pythonhosted.org/packages/e7/ab/01ea1943d4eba0f850c3c61e78e8dd59757ff815ff3ccd0a84de5f541f42/pywin32-311-cp312-cp312-win32.whl", hash = "sha256:750ec6e621af2b948540032557b10a2d43b0cee2ae9758c54154d711cc852d31", size = 8706543 },
    { url = "https://files.pythonhosted.org/packages/d1/a8/a0e8d07d4d051ec7502cd58b291ec98dcc0c3fff027caad0470b72cfcc2f/pywin32-311-cp312-cp312-win_amd64.whl", hash = "sha256:b8c095edad5c211ff31c05223658e71bf7116daa0ecf3ad85f3201ea3190d067", size = 9495040 },
    { url = "https://files.pythonhosted.org/packages/ba/3a/2ae996277b4b50f17d61f0603efd8253cb2d79cc7ae159468007b586396d/pywin32-311-cp312-cp312-win_arm64.whl", hash = "sha256:e286f46a9a39c4a18b319c28f59b61de793654af2f395c102b4f819e584b5852", size = 8710102 },
    { url = "https://files.pythonhosted.org/packages/a5/be/3fd5de0979fcb3994bfee0d65ed8ca9506a8a1260651b86174f6a86f52b3/pywin32-311-cp313-cp313-win32.whl", hash = "sha256:f95ba5a847cba10dd8c4d8fefa9f2a6cf283b8b88ed6178fa8a6c1ab16054d0d", size = 8705700 },
    { url = "https://files.pythonhosted.org/packages/e3/28/e0a1909523c6890208295a29e05c2adb2126364e289826c0a8bc7297bd5c/pywin32-311-cp313-cp313-win_amd64.whl", hash = "sha256:718a38f7e5b058e76aee1c56ddd06908116d35147e133427e59a3983f703a20d", size = 9494700 },
    { url = "https://files.pythonhosted.org/packages/04/bf/90339ac0f55726dce7d794e6d79a18a91265bdf3aa70b6b9ca52f35e022a/pywin32-311-cp313-cp313-win_arm64.whl", hash = "sha256:7b4075d959648406202d92a2310cb990fea19b535c7f4a78d3f5e10b926eeb8a", size = 8709318 },
    { url = "https://files.pythonhosted.org/packages/c9/31/097f2e132c4f16d99a22bfb777e0fd88bd8e1c634304e102f313af69ace5/pywin32-311-cp314-cp314-win32.whl", hash = "sha256:b7a2c10b93f8986666d0c803ee19b5990885872a7de910fc460f9b0c2fbf92ee", size = 8840714 },
    { url = "https://files.pythonhosted.org/packages/90/4b/07c77d8ba0e01349358082713400435347df8426208171ce297da32c313d/pywin32-311-cp314-cp314-win_amd64.whl", hash = "sha256:3aca44c046bd2ed8c90de9cb8427f581c479e594e99b5c0bb19b29c10fd6cb87", size = 9656800 },
    { url = "https://files.pythonhosted.org/packages/c0/d2/21af5c535501a7233e734b8af901574572da66fcc254cb35d0609c9080dd/pywin32-311-cp314-cp314-win_arm64.whl", hash = "sha256:a508e2d9025764a8270f93111a970e1d0fbfc33f4153b388bb649b7eec4f9b42", size = 8932540 },
    { url = "https://files.pythonhosted.org/packages/75/20/6cd04d636a4c83458ecbb7c8220c13786a1a80d3f5fb568df39310e73e98/pywin32-311-cp38-cp38-win32.whl", hash = "sha256:6c6f2969607b5023b0d9ce2541f8d2cbb01c4f46bc87456017cf63b73f1e2d8c", size = 8766775 },
    { url = "https://files.pythonhosted.org/packages/ff/6c/94c10268bae5d0d0c6509bdfb5aa08882d11a9ccdf89ff1cde59a6161afb/pywin32-311-cp38-cp38-win_amd64.whl", hash = "sha256:c8015b09fb9a5e188f83b7b04de91ddca4658cee2ae6f3bc483f0b21a77ef6cd", size = 9594743 },
    { url = "https://files.pythonhosted.org/packages/59/42/b86689aac0cdaee7ae1c58d464b0ff04ca909c19bb6502d4973cdd9f9544/pywin32-311-cp39-cp39-win32.whl", hash = "sha256:aba8f82d551a942cb20d4a83413ccbac30790b50efb89a75e4f586ac0bb8056b", size = 8760837 },
    { url = "https://files.pythonhosted.org/packages/9f/8a/1403d0353f8c5a2f0829d2b1c4becbf9da2f0a4d040886404fc4a5431e4d/pywin32-311-cp39-cp39-win_amd64.whl", hash = "sha256:e0c4cfb0621281fe40387df582097fd796e80430597cb9944f0ae70447bacd91", size = 9590187 },
    { url = "https://files.pythonhosted.org/packages/60/22/e0e8d802f124772cec9c75430b01a212f86f9de7546bda715e54140d5aeb/pywin32-311-cp39-cp39-win_arm64.whl", hash = "sha256:62ea666235135fee79bb154e695f3ff67370afefd71bd7fea7512fc70ef31e3d", size = 8778162 },
]

[[package]]
name = "setuptools"
version = "68.0.0"
source = { registry = "https://pypi.org/simple" }
sdist = { url = "https://files.pythonhosted.org/packages/dc/98/5f896af066c128669229ff1aa81553ac14cfb3e5e74b6b44594132b8540e/setuptools-68.0.0.tar.gz", hash = "sha256:baf1fdb41c6da4cd2eae722e135500da913332ab3f2f5c7d33af9b492acb5235", size = 2194111 }
wheels = [
    { url = "https://files.pythonhosted.org/packages/c7/42/be1c7bbdd83e1bfb160c94b9cafd8e25efc7400346cf7ccdbdb452c467fa/setuptools-68.0.0-py3-none-any.whl", hash = "sha256:11e52c67415a381d10d6b462ced9cfb97066179f0e871399e006c4ab101fc85f", size = 804037 },
]

[[package]]
name = "six"
version = "1.17.0"
source = { registry = "https://pypi.org/simple" }
sdist = { url = "https://files.pythonhosted.org/packages/94/e7/b2c673351809dca68a0e064b6af791aa332cf192da575fd474ed7d6f16a2/six-1.17.0.tar.gz", hash = "sha256:ff70335d468e7eb6ec65b95b99d3a2836546063f63acc5171de367e834932a81", size = 34031 }
wheels = [
    { url = "https://files.pythonhosted.org/packages/b7/ce/149a00dd41f10bc29e5921b496af8b574d8413afcd5e30dfa0ed46c2cc5e/six-1.17.0-py2.py3-none-any.whl", hash = "sha256:4721f391ed90541fddacab5acf947aa0d3dc7d27b2e1e8eda2be8970586c3274", size = 11050 },
]
